
Microsoft Visual Studio Solution File, Format Version 12.00
# Visual Studio Version 16
VisualStudioVersion = 16.0.30114.105
MinimumVisualStudioVersion = 10.0.40219.1
Project("{FAE04EC0-301F-11D3-BF4B-00C04F79EFBC}") = "JTSParser", "JTSParser\JTSParser.csproj", "{E2C25599-C68B-44F9-B567-FFC0598696B5}"
EndProject
Project("{FAE04EC0-301F-11D3-BF4B-00C04F79EFBC}") = "ShowCase", "ShowCase\ShowCase.csproj", "{AA73C1F5-88BE-4A5C-8AF2-4F367DBDC8C5}"
EndProject
Project("{FAE04EC0-301F-11D3-BF4B-00C04F79EFBC}") = "JTSNotebook", "JTSNotebook\JTSNotebook.csproj", "{6D8B9BA4-705D-4EA1-9456-1C72BD624A70}"
EndProject
Project("{F2A71F9B-5D33-465A-A702-920D77279786}") = "JTSNotebookFSharp", "JTSNotebookFSharp\JTSNotebookFSharp.fsproj", "{6CE17E89-FE63-42F0-A301-292454B68E63}"
EndProject
Project("{FAE04EC0-301F-11D3-BF4B-00C04F79EFBC}") = "YYZLib", "YYZLib\YYZLib.csproj", "{4F0124E8-C9ED-4F83-A0BF-03D4500CEB94}"
EndProject
Project("{FAE04EC0-301F-11D3-BF4B-00C04F79EFBC}") = "JTSAI", "JTSAI\JTSAI.csproj", "{FAABF955-EBB3-4D95-8171-CB9CF2030E0F}"
EndProject
Global
	GlobalSection(SolutionConfigurationPlatforms) = preSolution
		Debug|Any CPU = Debug|Any CPU
		Release|Any CPU = Release|Any CPU
	EndGlobalSection
	GlobalSection(ProjectConfigurationPlatforms) = postSolution
		{E2C25599-C68B-44F9-B567-FFC0598696B5}.Debug|Any CPU.ActiveCfg = Debug|Any CPU
		{E2C25599-C68B-44F9-B567-FFC0598696B5}.Debug|Any CPU.Build.0 = Debug|Any CPU
		{E2C25599-C68B-44F9-B567-FFC0598696B5}.Release|Any CPU.ActiveCfg = Release|Any CPU
		{E2C25599-C68B-44F9-B567-FFC0598696B5}.Release|Any CPU.Build.0 = Release|Any CPU
		{AA73C1F5-88BE-4A5C-8AF2-4F367DBDC8C5}.Debug|Any CPU.ActiveCfg = Debug|Any CPU
		{AA73C1F5-88BE-4A5C-8AF2-4F367DBDC8C5}.Debug|Any CPU.Build.0 = Debug|Any CPU
		{AA73C1F5-88BE-4A5C-8AF2-4F367DBDC8C5}.Release|Any CPU.ActiveCfg = Release|Any CPU
		{AA73C1F5-88BE-4A5C-8AF2-4F367DBDC8C5}.Release|Any CPU.Build.0 = Release|Any CPU
		{6D8B9BA4-705D-4EA1-9456-1C72BD624A70}.Debug|Any CPU.ActiveCfg = Debug|Any CPU
		{6D8B9BA4-705D-4EA1-9456-1C72BD624A70}.Debug|Any CPU.Build.0 = Debug|Any CPU
		{6D8B9BA4-705D-4EA1-9456-1C72BD624A70}.Release|Any CPU.ActiveCfg = Release|Any CPU
		{6D8B9BA4-705D-4EA1-9456-1C72BD624A70}.Release|Any CPU.Build.0 = Release|Any CPU
		{6CE17E89-FE63-42F0-A301-292454B68E63}.Debug|Any CPU.ActiveCfg = Debug|Any CPU
		{6CE17E89-FE63-42F0-A301-292454B68E63}.Debug|Any CPU.Build.0 = Debug|Any CPU
		{6CE17E89-FE63-42F0-A301-292454B68E63}.Release|Any CPU.ActiveCfg = Release|Any CPU
		{6CE17E89-FE63-42F0-A301-292454B68E63}.Release|Any CPU.Build.0 = Release|Any CPU
		{4F0124E8-C9ED-4F83-A0BF-03D4500CEB94}.Debug|Any CPU.ActiveCfg = Debug|Any CPU
		{4F0124E8-C9ED-4F83-A0BF-03D4500CEB94}.Debug|Any CPU.Build.0 = Debug|Any CPU
		{4F0124E8-C9ED-4F83-A0BF-03D4500CEB94}.Release|Any CPU.ActiveCfg = Release|Any CPU
		{4F0124E8-C9ED-4F83-A0BF-03D4500CEB94}.Release|Any CPU.Build.0 = Release|Any CPU
		{FAABF955-EBB3-4D95-8171-CB9CF2030E0F}.Debug|Any CPU.ActiveCfg = Debug|Any CPU
		{FAABF955-EBB3-4D95-8171-CB9CF2030E0F}.Debug|Any CPU.Build.0 = Debug|Any CPU
		{FAABF955-EBB3-4D95-8171-CB9CF2030E0F}.Release|Any CPU.ActiveCfg = Release|Any CPU
		{FAABF955-EBB3-4D95-8171-CB9CF2030E0F}.Release|Any CPU.Build.0 = Release|Any CPU
	EndGlobalSection
	GlobalSection(SolutionProperties) = preSolution
		HideSolutionNode = FALSE
	EndGlobalSection
	GlobalSection(ExtensibilityGlobals) = postSolution
		SolutionGuid = {F7D8A587-A2ED-4F02-98BA-C9C14791358D}
	EndGlobalSection
EndGlobal
